
Microsoft Visual Studio Solution File, Format Version 11.00
# Visual Studio 2010
Project("{FAE04EC0-301F-11D3-BF4B-00C04F79EFBC}") = "Assembly-CSharp", "Assembly-CSharp.csproj", "{9c971c54-f6a5-0008-b41a-ef108543f29f}"
EndProject
Project("{FAE04EC0-301F-11D3-BF4B-00C04F79EFBC}") = "Assembly-CSharp-Editor", "Assembly-CSharp-Editor.csproj", "{569ba064-f9de-c09d-163e-d01898537070}"
EndProject
Global
	GlobalSection(SolutionConfigurationPlatforms) = preSolution
		Debug|Any CPU = Debug|Any CPU
	EndGlobalSection
	GlobalSection(ProjectConfigurationPlatforms) = postSolution
		{9c971c54-f6a5-0008-b41a-ef108543f29f}.Debug|Any CPU.ActiveCfg = Debug|Any CPU
		{9c971c54-f6a5-0008-b41a-ef108543f29f}.Debug|Any CPU.Build.0 = Debug|Any CPU
		{569ba064-f9de-c09d-163e-d01898537070}.Debug|Any CPU.ActiveCfg = Debug|Any CPU
		{569ba064-f9de-c09d-163e-d01898537070}.Debug|Any CPU.Build.0 = Debug|Any CPU
	EndGlobalSection
	GlobalSection(SolutionProperties) = preSolution
		HideSolutionNode = FALSE
	EndGlobalSection
EndGlobal
